schema: '2.0'
stages:
  preprocess:
    cmd: python src/preprocess.py
    deps:
    - path: data/churn.csv
      hash: md5
      md5: 55289b95d9b4310f554778c725097c5b
      size: 3282220
    - path: src/preprocess.py
      hash: md5
      md5: 5179fe5fd37cd9e763c4128d35042430
      size: 5258
    outs:
    - path: data/processed
      hash: md5
      md5: 7d131cdf90d51addd14740e358c4acaf.dir
      size: 15746815
      nfiles: 6
  drift:
    cmd: python src/drift.py
    deps:
    - path: data/churn.csv
      hash: md5
      md5: 55289b95d9b4310f554778c725097c5b
      size: 3282220
    - path: data/churn_drifted_v1.csv
      hash: md5
      md5: 28b932ffa6b61b70f65d74d6f9f93046
      size: 5291356
    - path: data/churn_drifted_v2.csv
      hash: md5
      md5: 938a08779c054690318074a496188f11
      size: 4289883
    - path: src/drift.py
      hash: md5
      md5: db916973ca2f9d9c21fb9453b73f0bb7
      size: 4172
    outs:
    - path: reports/drift_report.json
      hash: md5
      md5: c89e53ae15bbb2efab8db02c77360202
      size: 219
  train:
    cmd: python src/train.py
    deps:
    - path: data/processed
      hash: md5
      md5: 7d131cdf90d51addd14740e358c4acaf.dir
      size: 15746815
      nfiles: 6
    - path: reports/drift_report.json
      hash: md5
      md5: c89e53ae15bbb2efab8db02c77360202
      size: 219
    - path: src/train.py
      hash: md5
      md5: ef990814fb6643fdd14c2c585d32a775
      size: 3831
    outs:
    - path: models/model.pkl
      hash: md5
      md5: d637d5ae5e0d816727c7bd6a83d8725f
      size: 159498873
